
Microsoft Visual Studio Solution File, Format Version 12.00
# Visual Studio Version 17
VisualStudioVersion = 17.5.002.0
MinimumVisualStudioVersion = 10.0.40219.1
Project("{9A19103F-16F7-4668-BE54-9A1E7A4F7556}") = "VirtualApp", "VirtualApp.csproj", "{3071AE1A-0380-4B97-9D5B-F41007316017}"
EndProject
Global
	GlobalSection(SolutionConfigurationPlatforms) = preSolution
		Debug|Any CPU = Debug|Any CPU
		Release|Any CPU = Release|Any CPU
	EndGlobalSection
	GlobalSection(ProjectConfigurationPlatforms) = postSolution
		{3071AE1A-0380-4B97-9D5B-F41007316017}.Debug|Any CPU.ActiveCfg = Debug|Any CPU
		{3071AE1A-0380-4B97-9D5B-F41007316017}.Debug|Any CPU.Build.0 = Debug|Any CPU
		{3071AE1A-0380-4B97-9D5B-F41007316017}.Release|Any CPU.ActiveCfg = Release|Any CPU
		{3071AE1A-0380-4B97-9D5B-F41007316017}.Release|Any CPU.Build.0 = Release|Any CPU
	EndGlobalSection
	GlobalSection(SolutionProperties) = preSolution
		HideSolutionNode = FALSE
	EndGlobalSection
	GlobalSection(ExtensibilityGlobals) = postSolution
		SolutionGuid = {B9555F40-E565-405D-B733-69F99050E11A}
	EndGlobalSection
EndGlobal
